// !$*UTF8*$!
{
	archiveVersion = 1;
	classes = {
	};
	objectVersion = 51;
	objects = {

/* Begin PBXBuildFile section */
		2F82AC2125584D5700C28876 /* GoogleService-Info.plist in Resources */ = {isa = PBXBuildFile; fileRef = 2F82AC2025584D5700C28876 /* GoogleService-Info.plist */; };
		2F9621F52545D74700864E78 /* AppDelegate.swift in Sources */ = {isa = PBXBuildFile; fileRef = 2F9621F42545D74700864E78 /* AppDelegate.swift */; };
		2F9621F72545D74700864E78 /* SceneDelegate.swift in Sources */ = {isa = PBXBuildFile; fileRef = 2F9621F62545D74700864E78 /* SceneDelegate.swift */; };
		2F9621F92545D74700864E78 /* categoryViewController.swift in Sources */ = {isa = PBXBuildFile; fileRef = 2F9621F82545D74700864E78 /* categoryViewController.swift */; };
		2F9621FC2545D74700864E78 /* Main.storyboard in Resources */ = {isa = PBXBuildFile; fileRef = 2F9621FA2545D74700864E78 /* Main.storyboard */; };
		2F9621FF2545D74700864E78 /* What2Do.xcdatamodeld in Sources */ = {isa = PBXBuildFile; fileRef = 2F9621FD2545D74700864E78 /* What2Do.xcdatamodeld */; };
		2F9622012545D74800864E78 /* Assets.xcassets in Resources */ = {isa = PBXBuildFile; fileRef = 2F9622002545D74800864E78 /* Assets.xcassets */; };
		2F9622042545D74800864E78 /* LaunchScreen.storyboard in Resources */ = {isa = PBXBuildFile; fileRef = 2F9622022545D74800864E78 /* LaunchScreen.storyboard */; };
		2F96220F2545D74800864E78 /* What2DoTests.swift in Sources */ = {isa = PBXBuildFile; fileRef = 2F96220E2545D74800864E78 /* What2DoTests.swift */; };
		2F96221A2545D74800864E78 /* What2DoUITests.swift in Sources */ = {isa = PBXBuildFile; fileRef = 2F9622192545D74800864E78 /* What2DoUITests.swift */; };
		2F9622352545DE7D00864E78 /* Notes in Resources */ = {isa = PBXBuildFile; fileRef = 2F9622342545DE7D00864E78 /* Notes */; };
		2FA32E9825599B1A00FDFFB2 /* completedCategoriesController.swift in Sources */ = {isa = PBXBuildFile; fileRef = 2FA32E9725599B1A00FDFFB2 /* completedCategoriesController.swift */; };
		2FE71C1F254B1A5F001235EB /* datePickerController.swift in Sources */ = {isa = PBXBuildFile; fileRef = 2FE71C1E254B1A5F001235EB /* datePickerController.swift */; };
		2FF63B582545F88E00A86025 /* itemsViewController.swift in Sources */ = {isa = PBXBuildFile; fileRef = 2FF63B572545F88E00A86025 /* itemsViewController.swift */; };
		5CA0715219F031527D011A7A /* Pods_What2Do.framework in Frameworks */ = {isa = PBXBuildFile; fileRef = 29D1872A3EC79B36927CCA24 /* Pods_What2Do.framework */; };
		7548545B4E3ECC4231EF973B /* Pods_What2Do_What2DoUITests.framework in Frameworks */ = {isa = PBXBuildFile; fileRef = 91483ED1FDC9CB466D9B63B4 /* Pods_What2Do_What2DoUITests.framework */; };
		8694D1062DC236E4D0FCE987 /* Pods_What2DoTests.framework in Frameworks */ = {isa = PBXBuildFile; fileRef = 74AD9D4E6889AC56CB28A4CE /* Pods_What2DoTests.framework */; };
/* End PBXBuildFile section */

/* Begin PBXContainerItemProxy section */
		2F96220B2545D74800864E78 /* PBXContainerItemProxy */ = {
			isa = PBXContainerItemProxy;
			containerPortal = 2F9621E92545D74700864E78 /* Project object */;
			proxyType = 1;
			remoteGlobalIDString = 2F9621F02545D74700864E78;
			remoteInfo = What2Do;
		};
		2F9622162545D74800864E78 /* PBXContainerItemProxy */ = {
			isa = PBXContainerItemProxy;
			containerPortal = 2F9621E92545D74700864E78 /* Project object */;
			proxyType = 1;
			remoteGlobalIDString = 2F9621F02545D74700864E78;
			remoteInfo = What2Do;
		};
/* End PBXContainerItemProxy section */

/* Begin PBXFileReference section */
		29D1872A3EC79B36927CCA24 /* Pods_What2Do.framework */ = {isa = PBXFileReference; explicitFileType = wrapper.framework; includeInIndex = 0; path = Pods_What2Do.framework; sourceTree = BUILT_PRODUCTS_DIR; };
		2F6336C12558694200B92EA4 /* What2Do.entitlements */ = {isa = PBXFileReference; lastKnownFileType = text.plist.entitlements; path = What2Do.entitlements; sourceTree = "<group>"; };
		2F82AC2025584D5700C28876 /* GoogleService-Info.plist */ = {isa = PBXFileReference; fileEncoding = 4; lastKnownFileType = text.plist.xml; path = "GoogleService-Info.plist"; sourceTree = "<group>"; };
		2F9621F12545D74700864E78 /* What2Do.app */ = {isa = PBXFileReference; explicitFileType = wrapper.application; includeInIndex = 0; path = What2Do.app; sourceTree = BUILT_PRODUCTS_DIR; };
		2F9621F42545D74700864E78 /* AppDelegate.swift */ = {isa = PBXFileReference; lastKnownFileType = sourcecode.swift; path = AppDelegate.swift; sourceTree = "<group>"; };
		2F9621F62545D74700864E78 /* SceneDelegate.swift */ = {isa = PBXFileReference; lastKnownFileType = sourcecode.swift; path = SceneDelegate.swift; sourceTree = "<group>"; };
		2F9621F82545D74700864E78 /* categoryViewController.swift */ = {isa = PBXFileReference; lastKnownFileType = sourcecode.swift; path = categoryViewController.swift; sourceTree = "<group>"; };
		2F9621FB2545D74700864E78 /* Base */ = {isa = PBXFileReference; lastKnownFileType = file.storyboard; name = Base; path = Base.lproj/Main.storyboard; sourceTree = "<group>"; };
		2F9621FE2545D74700864E78 /* What2Do.xcdatamodel */ = {isa = PBXFileReference; lastKnownFileType = wrapper.xcdatamodel; path = What2Do.xcdatamodel; sourceTree = "<group>"; };
		2F9622002545D74800864E78 /* Assets.xcassets */ = {isa = PBXFileReference; lastKnownFileType = folder.assetcatalog; path = Assets.xcassets; sourceTree = "<group>"; };
		2F9622032545D74800864E78 /* Base */ = {isa = PBXFileReference; lastKnownFileType = file.storyboard; name = Base; path = Base.lproj/LaunchScreen.storyboard; sourceTree = "<group>"; };
		2F9622052545D74800864E78 /* Info.plist */ = {isa = PBXFileReference; lastKnownFileType = text.plist.xml; path = Info.plist; sourceTree = "<group>"; };
		2F96220A2545D74800864E78 /* What2DoTests.xctest */ = {isa = PBXFileReference; explicitFileType = wrapper.cfbundle; includeInIndex = 0; path = What2DoTests.xctest; sourceTree = BUILT_PRODUCTS_DIR; };
		2F96220E2545D74800864E78 /* What2DoTests.swift */ = {isa = PBXFileReference; lastKnownFileType = sourcecode.swift; path = What2DoTests.swift; sourceTree = "<group>"; };
		2F9622102545D74800864E78 /* Info.plist */ = {isa = PBXFileReference; lastKnownFileType = text.plist.xml; path = Info.plist; sourceTree = "<group>"; };
		2F9622152545D74800864E78 /* What2DoUITests.xctest */ = {isa = PBXFileReference; explicitFileType = wrapper.cfbundle; includeInIndex = 0; path = What2DoUITests.xctest; sourceTree = BUILT_PRODUCTS_DIR; };
		2F9622192545D74800864E78 /* What2DoUITests.swift */ = {isa = PBXFileReference; lastKnownFileType = sourcecode.swift; path = What2DoUITests.swift; sourceTree = "<group>"; };
		2F96221B2545D74800864E78 /* Info.plist */ = {isa = PBXFileReference; lastKnownFileType = text.plist.xml; path = Info.plist; sourceTree = "<group>"; };
		2F9622342545DE7D00864E78 /* Notes */ = {isa = PBXFileReference; lastKnownFileType = text; path = Notes; sourceTree = "<group>"; };
		2FA32E9725599B1A00FDFFB2 /* completedCategoriesController.swift */ = {isa = PBXFileReference; lastKnownFileType = sourcecode.swift; path = completedCategoriesController.swift; sourceTree = "<group>"; };
		2FE71C1E254B1A5F001235EB /* datePickerController.swift */ = {isa = PBXFileReference; lastKnownFileType = sourcecode.swift; path = datePickerController.swift; sourceTree = "<group>"; };
		2FF63B572545F88E00A86025 /* itemsViewController.swift */ = {isa = PBXFileReference; lastKnownFileType = sourcecode.swift; path = itemsViewController.swift; sourceTree = "<group>"; };
		35FF2D3C850523721C3E7089 /* Pods-What2Do.debug.xcconfig */ = {isa = PBXFileReference; includeInIndex = 1; lastKnownFileType = text.xcconfig; name = "Pods-What2Do.debug.xcconfig"; path = "Target Support Files/Pods-What2Do/Pods-What2Do.debug.xcconfig"; sourceTree = "<group>"; };
		54C6E602BCDFC81D98DC4777 /* Pods-What2DoTests.release.xcconfig */ = {isa = PBXFileReference; includeInIndex = 1; lastKnownFileType = text.xcconfig; name = "Pods-What2DoTests.release.xcconfig"; path = "Target Support Files/Pods-What2DoTests/Pods-What2DoTests.release.xcconfig"; sourceTree = "<group>"; };
		6328C2F4F0D7689746DF261F /* Pods-What2DoTests.debug.xcconfig */ = {isa = PBXFileReference; includeInIndex = 1; lastKnownFileType = text.xcconfig; name = "Pods-What2DoTests.debug.xcconfig"; path = "Target Support Files/Pods-What2DoTests/Pods-What2DoTests.debug.xcconfig"; sourceTree = "<group>"; };
		669192E8E1ADD09DCF8B3CCC /* Pods-What2Do.release.xcconfig */ = {isa = PBXFileReference; includeInIndex = 1; lastKnownFileType = text.xcconfig; name = "Pods-What2Do.release.xcconfig"; path = "Target Support Files/Pods-What2Do/Pods-What2Do.release.xcconfig"; sourceTree = "<group>"; };
		74AD9D4E6889AC56CB28A4CE /* Pods_What2DoTests.framework */ = {isa = PBXFileReference; explicitFileType = wrapper.framework; includeInIndex = 0; path = Pods_What2DoTests.framework; sourceTree = BUILT_PRODUCTS_DIR; };
		91483ED1FDC9CB466D9B63B4 /* Pods_What2Do_What2DoUITests.framework */ = {isa = PBXFileReference; explicitFileType = wrapper.framework; includeInIndex = 0; path = Pods_What2Do_What2DoUITests.framework; sourceTree = BUILT_PRODUCTS_DIR; };
		BA1EA3AE8790A5CF6DB599C6 /* Pods-What2Do-What2DoUITests.release.xcconfig */ = {isa = PBXFileReference; includeInIndex = 1; lastKnownFileType = text.xcconfig; name = "Pods-What2Do-What2DoUITests.release.xcconfig"; path = "Target Support Files/Pods-What2Do-What2DoUITests/Pods-What2Do-What2DoUITests.release.xcconfig"; sourceTree = "<group>"; };
		FB6A9998B4338B612CC9A890 /* Pods-What2Do-What2DoUITests.debug.xcconfig */ = {isa = PBXFileReference; includeInIndex = 1; lastKnownFileType = text.xcconfig; name = "Pods-What2Do-What2DoUITests.debug.xcconfig"; path = "Target Support Files/Pods-What2Do-What2DoUITests/Pods-What2Do-What2DoUITests.debug.xcconfig"; sourceTree = "<group>"; };
/* End PBXFileReference section */

/* Begin PBXFrameworksBuildPhase section */
		2F9621EE2545D74700864E78 /* Frameworks */ = {
			isa = PBXFrameworksBuildPhase;
			buildActionMask = 2147483647;
			files = (
				5CA0715219F031527D011A7A /* Pods_What2Do.framework in Frameworks */,
			);
			runOnlyForDeploymentPostprocessing = 0;
		};
		2F9622072545D74800864E78 /* Frameworks */ = {
			isa = PBXFrameworksBuildPhase;
			buildActionMask = 2147483647;
			files = (
				8694D1062DC236E4D0FCE987 /* Pods_What2DoTests.framework in Frameworks */,
			);
			runOnlyForDeploymentPostprocessing = 0;
		};
		2F9622122545D74800864E78 /* Frameworks */ = {
			isa = PBXFrameworksBuildPhase;
			buildActionMask = 2147483647;
			files = (
				7548545B4E3ECC4231EF973B /* Pods_What2Do_What2DoUITests.framework in Frameworks */,
			);
			runOnlyForDeploymentPostprocessing = 0;
		};
/* End PBXFrameworksBuildPhase section */

/* Begin PBXGroup section */
		13EA841B085C0BD1DCDD68C8 /* Frameworks */ = {
			isa = PBXGroup;
			children = (
				29D1872A3EC79B36927CCA24 /* Pods_What2Do.framework */,
				91483ED1FDC9CB466D9B63B4 /* Pods_What2Do_What2DoUITests.framework */,
				74AD9D4E6889AC56CB28A4CE /* Pods_What2DoTests.framework */,
			);
			name = Frameworks;
			sourceTree = "<group>";
		};
		2F9621E82545D74700864E78 = {
			isa = PBXGroup;
			children = (
				2F9621F32545D74700864E78 /* What2Do */,
				2F96220D2545D74800864E78 /* What2DoTests */,
				2F9622182545D74800864E78 /* What2DoUITests */,
				2F9621F22545D74700864E78 /* Products */,
				D3FA1BD81B4A2D1E206C5D85 /* Pods */,
				13EA841B085C0BD1DCDD68C8 /* Frameworks */,
			);
			sourceTree = "<group>";
		};
		2F9621F22545D74700864E78 /* Products */ = {
			isa = PBXGroup;
			children = (
				2F9621F12545D74700864E78 /* What2Do.app */,
				2F96220A2545D74800864E78 /* What2DoTests.xctest */,
				2F9622152545D74800864E78 /* What2DoUITests.xctest */,
			);
			name = Products;
			sourceTree = "<group>";
		};
		2F9621F32545D74700864E78 /* What2Do */ = {
			isa = PBXGroup;
			children = (
				2F6336C12558694200B92EA4 /* What2Do.entitlements */,
				2F96222D2545DAC200864E78 /* View */,
				2F96222F2545DADE00864E78 /* Model */,
				2F9622302545DAE900864E78 /* Controller */,
				2F9621F42545D74700864E78 /* AppDelegate.swift */,
				2F9621F62545D74700864E78 /* SceneDelegate.swift */,
				2F9622002545D74800864E78 /* Assets.xcassets */,
				2F9622022545D74800864E78 /* LaunchScreen.storyboard */,
				2F9622052545D74800864E78 /* Info.plist */,
				2F82AC2025584D5700C28876 /* GoogleService-Info.plist */,
				2F9622342545DE7D00864E78 /* Notes */,
			);
			path = What2Do;
			sourceTree = "<group>";
		};
		2F96220D2545D74800864E78 /* What2DoTests */ = {
			isa = PBXGroup;
			children = (
				2F96220E2545D74800864E78 /* What2DoTests.swift */,
				2F9622102545D74800864E78 /* Info.plist */,
			);
			path = What2DoTests;
			sourceTree = "<group>";
		};
		2F9622182545D74800864E78 /* What2DoUITests */ = {
			isa = PBXGroup;
			children = (
				2F9622192545D74800864E78 /* What2DoUITests.swift */,
				2F96221B2545D74800864E78 /* Info.plist */,
			);
			path = What2DoUITests;
			sourceTree = "<group>";
		};
		2F96222D2545DAC200864E78 /* View */ = {
			isa = PBXGroup;
			children = (
				2F9621FA2545D74700864E78 /* Main.storyboard */,
			);
			name = View;
			sourceTree = "<group>";
		};
		2F96222F2545DADE00864E78 /* Model */ = {
			isa = PBXGroup;
			children = (
				2F9621FD2545D74700864E78 /* What2Do.xcdatamodeld */,
			);
			name = Model;
			sourceTree = "<group>";
		};
		2F9622302545DAE900864E78 /* Controller */ = {
			isa = PBXGroup;
			children = (
				2F9621F82545D74700864E78 /* categoryViewController.swift */,
				2FF63B572545F88E00A86025 /* itemsViewController.swift */,
				2FE71C1E254B1A5F001235EB /* datePickerController.swift */,
				2FA32E9725599B1A00FDFFB2 /* completedCategoriesController.swift */,
			);
			path = Controller;
			sourceTree = "<group>";
		};
		D3FA1BD81B4A2D1E206C5D85 /* Pods */ = {
			isa = PBXGroup;
			children = (
				35FF2D3C850523721C3E7089 /* Pods-What2Do.debug.xcconfig */,
				669192E8E1ADD09DCF8B3CCC /* Pods-What2Do.release.xcconfig */,
				FB6A9998B4338B612CC9A890 /* Pods-What2Do-What2DoUITests.debug.xcconfig */,
				BA1EA3AE8790A5CF6DB599C6 /* Pods-What2Do-What2DoUITests.release.xcconfig */,
				6328C2F4F0D7689746DF261F /* Pods-What2DoTests.debug.xcconfig */,
				54C6E602BCDFC81D98DC4777 /* Pods-What2DoTests.release.xcconfig */,
			);
			path = Pods;
			sourceTree = "<group>";
		};
/* End PBXGroup section */

/* Begin PBXNativeTarget section */
		2F9621F02545D74700864E78 /* What2Do */ = {
			isa = PBXNativeTarget;
			buildConfigurationList = 2F96221E2545D74800864E78 /* Build configuration list for PBXNativeTarget "What2Do" */;
			buildPhases = (
				550647EF448C2BB2EF0D58E3 /* [CP] Check Pods Manifest.lock */,
				2F9621ED2545D74700864E78 /* Sources */,
				2F9621EE2545D74700864E78 /* Frameworks */,
				2F9621EF2545D74700864E78 /* Resources */,
				08D73B6C1F96BE4D62035CAC /* [CP] Embed Pods Frameworks */,
			);
			buildRules = (
			);
			dependencies = (
			);
			name = What2Do;
			productName = What2Do;
			productReference = 2F9621F12545D74700864E78 /* What2Do.app */;
			productType = "com.apple.product-type.application";
		};
		2F9622092545D74800864E78 /* What2DoTests */ = {
			isa = PBXNativeTarget;
			buildConfigurationList = 2F9622212545D74800864E78 /* Build configuration list for PBXNativeTarget "What2DoTests" */;
			buildPhases = (
				471109518C3909379B3ED851 /* [CP] Check Pods Manifest.lock */,
				2F9622062545D74800864E78 /* Sources */,
				2F9622072545D74800864E78 /* Frameworks */,
				2F9622082545D74800864E78 /* Resources */,
			);
			buildRules = (
			);
			dependencies = (
				2F96220C2545D74800864E78 /* PBXTargetDependency */,
			);
			name = What2DoTests;
			productName = What2DoTests;
			productReference = 2F96220A2545D74800864E78 /* What2DoTests.xctest */;
			productType = "com.apple.product-type.bundle.unit-test";
		};
		2F9622142545D74800864E78 /* What2DoUITests */ = {
			isa = PBXNativeTarget;
			buildConfigurationList = 2F9622242545D74800864E78 /* Build configuration list for PBXNativeTarget "What2DoUITests" */;
			buildPhases = (
				67F1C78051EEF496DA50A964 /* [CP] Check Pods Manifest.lock */,
				2F9622112545D74800864E78 /* Sources */,
				2F9622122545D74800864E78 /* Frameworks */,
				2F9622132545D74800864E78 /* Resources */,
				E69104A4E64A4491E439E6C1 /* [CP] Embed Pods Frameworks */,
			);
			buildRules = (
			);
			dependencies = (
				2F9622172545D74800864E78 /* PBXTargetDependency */,
			);
			name = What2DoUITests;
			productName = What2DoUITests;
			productReference = 2F9622152545D74800864E78 /* What2DoUITests.xctest */;
			productType = "com.apple.product-type.bundle.ui-testing";
		};
/* End PBXNativeTarget section */

/* Begin PBXProject section */
		2F9621E92545D74700864E78 /* Project object */ = {
			isa = PBXProject;
			attributes = {
				LastSwiftUpdateCheck = 1200;
				LastUpgradeCheck = 1200;
				TargetAttributes = {
					2F9621F02545D74700864E78 = {
						CreatedOnToolsVersion = 12.0.1;
					};
					2F9622092545D74800864E78 = {
						CreatedOnToolsVersion = 12.0.1;
						TestTargetID = 2F9621F02545D74700864E78;
					};
					2F9622142545D74800864E78 = {
						CreatedOnToolsVersion = 12.0.1;
						TestTargetID = 2F9621F02545D74700864E78;
					};
				};
			};
			buildConfigurationList = 2F9621EC2545D74700864E78 /* Build configuration list for PBXProject "What2Do" */;
			compatibilityVersion = "Xcode 9.3";
			developmentRegion = en;
			hasScannedForEncodings = 0;
			knownRegions = (
				en,
				Base,
			);
			mainGroup = 2F9621E82545D74700864E78;
			productRefGroup = 2F9621F22545D74700864E78 /* Products */;
			projectDirPath = "";
			projectRoot = "";
			targets = (
				2F9621F02545D74700864E78 /* What2Do */,
				2F9622092545D74800864E78 /* What2DoTests */,
				2F9622142545D74800864E78 /* What2DoUITests */,
			);
		};
/* End PBXProject section */

/* Begin PBXResourcesBuildPhase section */
		2F9621EF2545D74700864E78 /* Resources */ = {
			isa = PBXResourcesBuildPhase;
			buildActionMask = 2147483647;
			files = (
				2F9622042545D74800864E78 /* LaunchScreen.storyboard in Resources */,
				2F9622012545D74800864E78 /* Assets.xcassets in Resources */,
				2F82AC2125584D5700C28876 /* GoogleService-Info.plist in Resources */,
				2F9622352545DE7D00864E78 /* Notes in Resources */,
				2F9621FC2545D74700864E78 /* Main.storyboard in Resources */,
			);
			runOnlyForDeploymentPostprocessing = 0;
		};
		2F9622082545D74800864E78 /* Resources */ = {
			isa = PBXResourcesBuildPhase;
			buildActionMask = 2147483647;
			files = (
			);
			runOnlyForDeploymentPostprocessing = 0;
		};
		2F9622132545D74800864E78 /* Resources */ = {
			isa = PBXResourcesBuildPhase;
			buildActionMask = 2147483647;
			files = (
			);
			runOnlyForDeploymentPostprocessing = 0;
		};
/* End PBXResourcesBuildPhase section */

/* Begin PBXShellScriptBuildPhase section */
		08D73B6C1F96BE4D62035CAC /* [CP] Embed Pods Frameworks */ = {
			isa = PBXShellScriptBuildPhase;
			buildActionMask = 2147483647;
			files = (
			);
			inputFileListPaths = (
				"${PODS_ROOT}/Target Support Files/Pods-What2Do/Pods-What2Do-frameworks-${CONFIGURATION}-input-files.xcfilelist",
			);
			name = "[CP] Embed Pods Frameworks";
			outputFileListPaths = (
				"${PODS_ROOT}/Target Support Files/Pods-What2Do/Pods-What2Do-frameworks-${CONFIGURATION}-output-files.xcfilelist",
			);
			runOnlyForDeploymentPostprocessing = 0;
			shellPath = /bin/sh;
			shellScript = "\"${PODS_ROOT}/Target Support Files/Pods-What2Do/Pods-What2Do-frameworks.sh\"\n";
			showEnvVarsInLog = 0;
		};
		471109518C3909379B3ED851 /* [CP] Check Pods Manifest.lock */ = {
			isa = PBXShellScriptBuildPhase;
			buildActionMask = 2147483647;
			files = (
			);
			inputFileListPaths = (
			);
			inputPaths = (
				"${PODS_PODFILE_DIR_PATH}/Podfile.lock",
				"${PODS_ROOT}/Manifest.lock",
			);
			name = "[CP] Check Pods Manifest.lock";
			outputFileListPaths = (
			);
			outputPaths = (
				"$(DERIVED_FILE_DIR)/Pods-What2DoTests-checkManifestLockResult.txt",
			);
			runOnlyForDeploymentPostprocessing = 0;
			shellPath = /bin/sh;
			shellScript = "diff \"${PODS_PODFILE_DIR_PATH}/Podfile.lock\" \"${PODS_ROOT}/Manifest.lock\" > /dev/null\nif [ $? != 0 ] ; then\n    # print error to STDERR\n    echo \"error: The sandbox is not in sync with the Podfile.lock. Run 'pod install' or update your CocoaPods installation.\" >&2\n    exit 1\nfi\n# This output is used by Xcode 'outputs' to avoid re-running this script phase.\necho \"SUCCESS\" > \"${SCRIPT_OUTPUT_FILE_0}\"\n";
			showEnvVarsInLog = 0;
		};
		550647EF448C2BB2EF0D58E3 /* [CP] Check Pods Manifest.lock */ = {
			isa = PBXShellScriptBuildPhase;
			buildActionMask = 2147483647;
			files = (
			);
			inputFileListPaths = (
			);
			inputPaths = (
				"${PODS_PODFILE_DIR_PATH}/Podfile.lock",
				"${PODS_ROOT}/Manifest.lock",
			);
			name = "[CP] Check Pods Manifest.lock";
			outputFileListPaths = (
			);
			outputPaths = (
				"$(DERIVED_FILE_DIR)/Pods-What2Do-checkManifestLockResult.txt",
			);
			runOnlyForDeploymentPostprocessing = 0;
			shellPath = /bin/sh;
			shellScript = "diff \"${PODS_PODFILE_DIR_PATH}/Podfile.lock\" \"${PODS_ROOT}/Manifest.lock\" > /dev/null\nif [ $? != 0 ] ; then\n    # print error to STDERR\n    echo \"error: The sandbox is not in sync with the Podfile.lock. Run 'pod install' or update your CocoaPods installation.\" >&2\n    exit 1\nfi\n# This output is used by Xcode 'outputs' to avoid re-running this script phase.\necho \"SUCCESS\" > \"${SCRIPT_OUTPUT_FILE_0}\"\n";
			showEnvVarsInLog = 0;
		};
		67F1C78051EEF496DA50A964 /* [CP] Check Pods Manifest.lock */ = {
			isa = PBXShellScriptBuildPhase;
			buildActionMask = 2147483647;
			files = (
			);
			inputFileListPaths = (
			);
			inputPaths = (
				"${PODS_PODFILE_DIR_PATH}/Podfile.lock",
				"${PODS_ROOT}/Manifest.lock",
			);
			name = "[CP] Check Pods Manifest.lock";
			outputFileListPaths = (
			);
			outputPaths = (
				"$(DERIVED_FILE_DIR)/Pods-What2Do-What2DoUITests-checkManifestLockResult.txt",
			);
			runOnlyForDeploymentPostprocessing = 0;
			shellPath = /bin/sh;
			shellScript = "diff \"${PODS_PODFILE_DIR_PATH}/Podfile.lock\" \"${PODS_ROOT}/Manifest.lock\" > /dev/null\nif [ $? != 0 ] ; then\n    # print error to STDERR\n    echo \"error: The sandbox is not in sync with the Podfile.lock. Run 'pod install' or update your CocoaPods installation.\" >&2\n    exit 1\nfi\n# This output is used by Xcode 'outputs' to avoid re-running this script phase.\necho \"SUCCESS\" > \"${SCRIPT_OUTPUT_FILE_0}\"\n";
			showEnvVarsInLog = 0;
		};
		E69104A4E64A4491E439E6C1 /* [CP] Embed Pods Frameworks */ = {
			isa = PBXShellScriptBuildPhase;
			buildActionMask = 2147483647;
			files = (
			);
			inputFileListPaths = (
				"${PODS_ROOT}/Target Support Files/Pods-What2Do-What2DoUITests/Pods-What2Do-What2DoUITests-frameworks-${CONFIGURATION}-input-files.xcfilelist",
			);
			name = "[CP] Embed Pods Frameworks";
			outputFileListPaths = (
				"${PODS_ROOT}/Target Support Files/Pods-What2Do-What2DoUITests/Pods-What2Do-What2DoUITests-frameworks-${CONFIGURATION}-output-files.xcfilelist",
			);
			runOnlyForDeploymentPostprocessing = 0;
			shellPath = /bin/sh;
			shellScript = "\"${PODS_ROOT}/Target Support Files/Pods-What2Do-What2DoUITests/Pods-What2Do-What2DoUITests-frameworks.sh\"\n";
			showEnvVarsInLog = 0;
		};
/* End PBXShellScriptBuildPhase section */

/* Begin PBXSourcesBuildPhase section */
		2F9621ED2545D74700864E78 /* Sources */ = {
			isa = PBXSourcesBuildPhase;
			buildActionMask = 2147483647;
			files = (
				2F9621F92545D74700864E78 /* categoryViewController.swift in Sources */,
				2FA32E9825599B1A00FDFFB2 /* completedCategoriesController.swift in Sources */,
				2FF63B582545F88E00A86025 /* itemsViewController.swift in Sources */,
				2F9621FF2545D74700864E78 /* What2Do.xcdatamodeld in Sources */,
				2F9621F52545D74700864E78 /* AppDelegate.swift in Sources */,
				2F9621F72545D74700864E78 /* SceneDelegate.swift in Sources */,
				2FE71C1F254B1A5F001235EB /* datePickerController.swift in Sources */,
			);
			runOnlyForDeploymentPostprocessing = 0;
		};
		2F9622062545D74800864E78 /* Sources */ = {
			isa = PBXSourcesBuildPhase;
			buildActionMask = 2147483647;
			files = (
				2F96220F2545D74800864E78 /* What2DoTests.swift in Sources */,
			);
			runOnlyForDeploymentPostprocessing = 0;
		};
		2F9622112545D74800864E78 /* Sources */ = {
			isa = PBXSourcesBuildPhase;
			buildActionMask = 2147483647;
			files = (
				2F96221A2545D74800864E78 /* What2DoUITests.swift in Sources */,
			);
			runOnlyForDeploymentPostprocessing = 0;
		};
/* End PBXSourcesBuildPhase section */

/* Begin PBXTargetDependency section */
		2F96220C2545D74800864E78 /* PBXTargetDependency */ = {
			isa = PBXTargetDependency;
			target = 2F9621F02545D74700864E78 /* What2Do */;
			targetProxy = 2F96220B2545D74800864E78 /* PBXContainerItemProxy */;
		};
		2F9622172545D74800864E78 /* PBXTargetDependency */ = {
			isa = PBXTargetDependency;
			target = 2F9621F02545D74700864E78 /* What2Do */;
			targetProxy = 2F9622162545D74800864E78 /* PBXContainerItemProxy */;
		};
/* End PBXTargetDependency section */

/* Begin PBXVariantGroup section */
		2F9621FA2545D74700864E78 /* Main.storyboard */ = {
			isa = PBXVariantGroup;
			children = (
				2F9621FB2545D74700864E78 /* Base */,
			);
			name = Main.storyboard;
			sourceTree = "<group>";
		};
		2F9622022545D74800864E78 /* LaunchScreen.storyboard */ = {
			isa = PBXVariantGroup;
			children = (
				2F9622032545D74800864E78 /* Base */,
			);
			name = LaunchScreen.storyboard;
			sourceTree = "<group>";
		};
/* End PBXVariantGroup section */

/* Begin XCBuildConfiguration section */
		2F96221C2545D74800864E78 /* Debug */ = {
			isa = XCBuildConfiguration;
			buildSettings = {
				ALWAYS_SEARCH_USER_PATHS = NO;
				CLANG_ANALYZER_NONNULL = YES;
				CLANG_ANALYZER_NUMBER_OBJECT_CONVERSION = YES_AGGRESSIVE;
				CLANG_CXX_LANGUAGE_STANDARD = "gnu++14";
				CLANG_CXX_LIBRARY = "libc++";
				CLANG_ENABLE_MODULES = YES;
				CLANG_ENABLE_OBJC_ARC = YES;
				CLANG_ENABLE_OBJC_WEAK = YES;
				CLANG_WARN_BLOCK_CAPTURE_AUTORELEASING = YES;
				CLANG_WARN_BOOL_CONVERSION = YES;
				CLANG_WARN_COMMA = YES;
				CLANG_WARN_CONSTANT_CONVERSION = YES;
				CLANG_WARN_DEPRECATED_OBJC_IMPLEMENTATIONS = YES;
				CLANG_WARN_DIRECT_OBJC_ISA_USAGE = YES_ERROR;
				CLANG_WARN_DOCUMENTATION_COMMENTS = YES;
				CLANG_WARN_EMPTY_BODY = YES;
				CLANG_WARN_ENUM_CONVERSION = YES;
				CLANG_WARN_INFINITE_RECURSION = YES;
				CLANG_WARN_INT_CONVERSION = YES;
				CLANG_WARN_NON_LITERAL_NULL_CONVERSION = YES;
				CLANG_WARN_OBJC_IMPLICIT_RETAIN_SELF = YES;
				CLANG_WARN_OBJC_LITERAL_CONVERSION = YES;
				CLANG_WARN_OBJC_ROOT_CLASS = YES_ERROR;
				CLANG_WARN_QUOTED_INCLUDE_IN_FRAMEWORK_HEADER = YES;
				CLANG_WARN_RANGE_LOOP_ANALYSIS = YES;
				CLANG_WARN_STRICT_PROTOTYPES = YES;
				CLANG_WARN_SUSPICIOUS_MOVE = YES;
				CLANG_WARN_UNGUARDED_AVAILABILITY = YES_AGGRESSIVE;
				CLANG_WARN_UNREACHABLE_CODE = YES;
				CLANG_WARN__DUPLICATE_METHOD_MATCH = YES;
				COPY_PHASE_STRIP = NO;
				DEBUG_INFORMATION_FORMAT = dwarf;
				ENABLE_STRICT_OBJC_MSGSEND = YES;
				ENABLE_TESTABILITY = YES;
				GCC_C_LANGUAGE_STANDARD = gnu11;
				GCC_DYNAMIC_NO_PIC = NO;
				GCC_NO_COMMON_BLOCKS = YES;
				GCC_OPTIMIZATION_LEVEL = 0;
				GCC_PREPROCESSOR_DEFINITIONS = (
					"DEBUG=1",
					"$(inherited)",
				);
				GCC_WARN_64_TO_32_BIT_CONVERSION = YES;
				GCC_WARN_ABOUT_RETURN_TYPE = YES_ERROR;
				GCC_WARN_UNDECLARED_SELECTOR = YES;
				GCC_WARN_UNINITIALIZED_AUTOS = YES_AGGRESSIVE;
				GCC_WARN_UNUSED_FUNCTION = YES;
				GCC_WARN_UNUSED_VARIABLE = YES;
				IPHONEOS_DEPLOYMENT_TARGET = 14.0;
				MTL_ENABLE_DEBUG_INFO = INCLUDE_SOURCE;
				MTL_FAST_MATH = YES;
				ONLY_ACTIVE_ARCH = YES;
				SDKROOT = iphoneos;
				SWIFT_ACTIVE_COMPILATION_CONDITIONS = DEBUG;
				SWIFT_OPTIMIZATION_LEVEL = "-Onone";
			};
			name = Debug;
		};
		2F96221D2545D74800864E78 /* Release */ = {
			isa = XCBuildConfiguration;
			buildSettings = {
				ALWAYS_SEARCH_USER_PATHS = NO;
				CLANG_ANALYZER_NONNULL = YES;
				CLANG_ANALYZER_NUMBER_OBJECT_CONVERSION = YES_AGGRESSIVE;
				CLANG_CXX_LANGUAGE_STANDARD = "gnu++14";
				CLANG_CXX_LIBRARY = "libc++";
				CLANG_ENABLE_MODULES = YES;
				CLANG_ENABLE_OBJC_ARC = YES;
				CLANG_ENABLE_OBJC_WEAK = YES;
				CLANG_WARN_BLOCK_CAPTURE_AUTORELEASING = YES;
				CLANG_WARN_BOOL_CONVERSION = YES;
				CLANG_WARN_COMMA = YES;
				CLANG_WARN_CONSTANT_CONVERSION = YES;
				CLANG_WARN_DEPRECATED_OBJC_IMPLEMENTATIONS = YES;
				CLANG_WARN_DIRECT_OBJC_ISA_USAGE = YES_ERROR;
				CLANG_WARN_DOCUMENTATION_COMMENTS = YES;
				CLANG_WARN_EMPTY_BODY = YES;
				CLANG_WARN_ENUM_CONVERSION = YES;
				CLANG_WARN_INFINITE_RECURSION = YES;
				CLANG_WARN_INT_CONVERSION = YES;
				CLANG_WARN_NON_LITERAL_NULL_CONVERSION = YES;
				CLANG_WARN_OBJC_IMPLICIT_RETAIN_SELF = YES;
				CLANG_WARN_OBJC_LITERAL_CONVERSION = YES;
				CLANG_WARN_OBJC_ROOT_CLASS = YES_ERROR;
				CLANG_WARN_QUOTED_INCLUDE_IN_FRAMEWORK_HEADER = YES;
				CLANG_WARN_RANGE_LOOP_ANALYSIS = YES;
				CLANG_WARN_STRICT_PROTOTYPES = YES;
				CLANG_WARN_SUSPICIOUS_MOVE = YES;
				CLANG_WARN_UNGUARDED_AVAILABILITY = YES_AGGRESSIVE;
				CLANG_WARN_UNREACHABLE_CODE = YES;
				CLANG_WARN__DUPLICATE_METHOD_MATCH = YES;
				COPY_PHASE_STRIP = NO;
				DEBUG_INFORMATION_FORMAT = "dwarf-with-dsym";
				ENABLE_NS_ASSERTIONS = NO;
				ENABLE_STRICT_OBJC_MSGSEND = YES;
				GCC_C_LANGUAGE_STANDARD = gnu11;
				GCC_NO_COMMON_BLOCKS = YES;
				GCC_WARN_64_TO_32_BIT_CONVERSION = YES;
				GCC_WARN_ABOUT_RETURN_TYPE = YES_ERROR;
				GCC_WARN_UNDECLARED_SELECTOR = YES;
				GCC_WARN_UNINITIALIZED_AUTOS = YES_AGGRESSIVE;
				GCC_WARN_UNUSED_FUNCTION = YES;
				GCC_WARN_UNUSED_VARIABLE = YES;
				IPHONEOS_DEPLOYMENT_TARGET = 14.0;
				MTL_ENABLE_DEBUG_INFO = NO;
				MTL_FAST_MATH = YES;
				SDKROOT = iphoneos;
				SWIFT_COMPILATION_MODE = wholemodule;
				SWIFT_OPTIMIZATION_LEVEL = "-O";
				VALIDATE_PRODUCT = YES;
			};
			name = Release;
		};
		2F96221F2545D74800864E78 /* Debug */ = {
			isa = XCBuildConfiguration;
			baseConfigurationReference = 35FF2D3C850523721C3E7089 /* Pods-What2Do.debug.xcconfig */;
			buildSettings = {
				ASSETCATALOG_COMPILER_APPICON_NAME = AppIcon;
				ASSETCATALOG_COMPILER_GLOBAL_ACCENT_COLOR_NAME = AccentColor;
				CODE_SIGN_ENTITLEMENTS = What2Do/What2Do.entitlements;
				CODE_SIGN_STYLE = Automatic;
				DEVELOPMENT_TEAM = BMN522LVQT;
				INFOPLIST_FILE = What2Do/Info.plist;
				LD_RUNPATH_SEARCH_PATHS = (
					"$(inherited)",
					"@executable_path/Frameworks",
				);
				PRODUCT_BUNDLE_IDENTIFIER = com.What2DoProject.What2Do;
				PRODUCT_NAME = "$(TARGET_NAME)";
				SWIFT_VERSION = 5.0;
				TARGETED_DEVICE_FAMILY = "1,2";
			};
			name = Debug;
		};
		2F9622202545D74800864E78 /* Release */ = {
			isa = XCBuildConfiguration;
			baseConfigurationReference = 669192E8E1ADD09DCF8B3CCC /* Pods-What2Do.release.xcconfig */;
			buildSettings = {
				ASSETCATALOG_COMPILER_APPICON_NAME = AppIcon;
				ASSETCATALOG_COMPILER_GLOBAL_ACCENT_COLOR_NAME = AccentColor;
				CODE_SIGN_ENTITLEMENTS = What2Do/What2Do.entitlements;
				CODE_SIGN_STYLE = Automatic;
				DEVELOPMENT_TEAM = BMN522LVQT;
				INFOPLIST_FILE = What2Do/Info.plist;
				LD_RUNPATH_SEARCH_PATHS = (
					"$(inherited)",
					"@executable_path/Frameworks",
				);
				PRODUCT_BUNDLE_IDENTIFIER = com.What2DoProject.What2Do;
				PRODUCT_NAME = "$(TARGET_NAME)";
				SWIFT_VERSION = 5.0;
				TARGETED_DEVICE_FAMILY = "1,2";
			};
			name = Release;
		};
		2F9622222545D74800864E78 /* Debug */ = {
			isa = XCBuildConfiguration;
			baseConfigurationReference = 6328C2F4F0D7689746DF261F /* Pods-What2DoTests.debug.xcconfig */;
			buildSettings = {
				ALWAYS_EMBED_SWIFT_STANDARD_LIBRARIES = YES;
				BUNDLE_LOADER = "$(TEST_HOST)";
				CODE_SIGN_STYLE = Automatic;
				DEVELOPMENT_TEAM = BMN522LVQT;
				INFOPLIST_FILE = What2DoTests/Info.plist;
				IPHONEOS_DEPLOYMENT_TARGET = 14.0;
				LD_RUNPATH_SEARCH_PATHS = (
					"$(inherited)",
					"@executable_path/Frameworks",
					"@loader_path/Frameworks",
				);
				PRODUCT_BUNDLE_IDENTIFIER = com.What2DoProject.What2DoTests;
				PRODUCT_NAME = "$(TARGET_NAME)";
				SWIFT_VERSION = 5.0;
				TARGETED_DEVICE_FAMILY = "1,2";
				TEST_HOST = "$(BUILT_PRODUCTS_DIR)/What2Do.app/What2Do";
			};
			name = Debug;
		};
		2F9622232545D74800864E78 /* Release */ = {
			isa = XCBuildConfiguration;
			baseConfigurationReference = 54C6E602BCDFC81D98DC4777 /* Pods-What2DoTests.release.xcconfig */;
			buildSettings = {
				ALWAYS_EMBED_SWIFT_STANDARD_LIBRARIES = YES;
				BUNDLE_LOADER = "$(TEST_HOST)";
				CODE_SIGN_STYLE = Automatic;
				DEVELOPMENT_TEAM = BMN522LVQT;
				INFOPLIST_FILE = What2DoTests/Info.plist;
				IPHONEOS_DEPLOYMENT_TARGET = 14.0;
				LD_RUNPATH_SEARCH_PATHS = (
					"$(inherited)",
					"@executable_path/Frameworks",
					"@loader_path/Frameworks",
				);
				PRODUCT_BUNDLE_IDENTIFIER = com.What2DoProject.What2DoTests;
				PRODUCT_NAME = "$(TARGET_NAME)";
				SWIFT_VERSION = 5.0;
				TARGETED_DEVICE_FAMILY = "1,2";
				TEST_HOST = "$(BUILT_PRODUCTS_DIR)/What2Do.app/What2Do";
			};
			name = Release;
		};
		2F9622252545D74800864E78 /* Debug */ = {
			isa = XCBuildConfiguration;
			baseConfigurationReference = FB6A9998B4338B612CC9A890 /* Pods-What2Do-What2DoUITests.debug.xcconfig */;
			buildSettings = {
				ALWAYS_EMBED_SWIFT_STANDARD_LIBRARIES = YES;
				CODE_SIGN_STYLE = Automatic;
				DEVELOPMENT_TEAM = BMN522LVQT;
				INFOPLIST_FILE = What2DoUITests/Info.plist;
				LD_RUNPATH_SEARCH_PATHS = (
					"$(inherited)",
					"@executable_path/Frameworks",
					"@loader_path/Frameworks",
				);
				PRODUCT_BUNDLE_IDENTIFIER = com.What2DoProject.What2DoUITests;
				PRODUCT_NAME = "$(TARGET_NAME)";
				SWIFT_VERSION = 5.0;
				TARGETED_DEVICE_FAMILY = "1,2";
				TEST_TARGET_NAME = What2Do;
			};
			name = Debug;
		};
		2F9622262545D74800864E78 /* Release */ = {
			isa = XCBuildConfiguration;
			baseConfigurationReference = BA1EA3AE8790A5CF6DB599C6 /* Pods-What2Do-What2DoUITests.release.xcconfig */;
			buildSettings = {
				ALWAYS_EMBED_SWIFT_STANDARD_LIBRARIES = YES;
				CODE_SIGN_STYLE = Automatic;
				DEVELOPMENT_TEAM = BMN522LVQT;
				INFOPLIST_FILE = What2DoUITests/Info.plist;
				LD_RUNPATH_SEARCH_PATHS = (
					"$(inherited)",
					"@executable_path/Frameworks",
					"@loader_path/Frameworks",
				);
				PRODUCT_BUNDLE_IDENTIFIER = com.What2DoProject.What2DoUITests;
				PRODUCT_NAME = "$(TARGET_NAME)";
				SWIFT_VERSION = 5.0;
				TARGETED_DEVICE_FAMILY = "1,2";
				TEST_TARGET_NAME = What2Do;
			};
			name = Release;
		};
/* End XCBuildConfiguration section */

/* Begin XCConfigurationList section */
		2F9621EC2545D74700864E78 /* Build configuration list for PBXProject "What2Do" */ = {
			isa = XCConfigurationList;
			buildConfigurations = (
				2F96221C2545D74800864E78 /* Debug */,
				2F96221D2545D74800864E78 /* Release */,
			);
			defaultConfigurationIsVisible = 0;
			defaultConfigurationName = Release;
		};
		2F96221E2545D74800864E78 /* Build configuration list for PBXNativeTarget "What2Do" */ = {
			isa = XCConfigurationList;
			buildConfigurations = (
				2F96221F2545D74800864E78 /* Debug */,
				2F9622202545D74800864E78 /* Release */,
			);
			defaultConfigurationIsVisible = 0;
			defaultConfigurationName = Release;
		};
		2F9622212545D74800864E78 /* Build configuration list for PBXNativeTarget "What2DoTests" */ = {
			isa = XCConfigurationList;
			buildConfigurations = (
				2F9622222545D74800864E78 /* Debug */,
				2F9622232545D74800864E78 /* Release */,
			);
			defaultConfigurationIsVisible = 0;
			defaultConfigurationName = Release;
		};
		2F9622242545D74800864E78 /* Build configuration list for PBXNativeTarget "What2DoUITests" */ = {
			isa = XCConfigurationList;
			buildConfigurations = (
				2F9622252545D74800864E78 /* Debug */,
				2F9622262545D74800864E78 /* Release */,
			);
			defaultConfigurationIsVisible = 0;
			defaultConfigurationName = Release;
		};
/* End XCConfigurationList section */

/* Begin XCVersionGroup section */
		2F9621FD2545D74700864E78 /* What2Do.xcdatamodeld */ = {
			isa = XCVersionGroup;
			children = (
				2F9621FE2545D74700864E78 /* What2Do.xcdatamodel */,
			);
			currentVersion = 2F9621FE2545D74700864E78 /* What2Do.xcdatamodel */;
			path = What2Do.xcdatamodeld;
			sourceTree = "<group>";
			versionGroupType = wrapper.xcdatamodel;
		};
/* End XCVersionGroup section */
	};
	rootObject = 2F9621E92545D74700864E78 /* Project object */;
}
